
Microsoft Visual Studio Solution File, Format Version 12.00
# Visual Studio Version 16
VisualStudioVersion = 16.0.30523.141
MinimumVisualStudioVersion = 10.0.40219.1
Project("{FAE04EC0-301F-11D3-BF4B-00C04F79EFBC}") = "InvestmentStrategie", "InvestmentStrategie\InvestmentStrategie.csproj", "{9FDF621A-54BA-4463-B557-25C096BB490F}"
EndProject
Global
	GlobalSection(SolutionConfigurationPlatforms) = preSolution
		Debug|Any CPU = Debug|Any CPU
		Release|Any CPU = Release|Any CPU
	EndGlobalSection
	GlobalSection(ProjectConfigurationPlatforms) = postSolution
		{9FDF621A-54BA-4463-B557-25C096BB490F}.Debug|Any CPU.ActiveCfg = Debug|Any CPU
		{9FDF621A-54BA-4463-B557-25C096BB490F}.Debug|Any CPU.Build.0 = Debug|Any CPU
		{9FDF621A-54BA-4463-B557-25C096BB490F}.Release|Any CPU.ActiveCfg = Release|Any CPU
		{9FDF621A-54BA-4463-B557-25C096BB490F}.Release|Any CPU.Build.0 = Release|Any CPU
	EndGlobalSection
	GlobalSection(SolutionProperties) = preSolution
		HideSolutionNode = FALSE
	EndGlobalSection
	GlobalSection(ExtensibilityGlobals) = postSolution
		SolutionGuid = {A7781201-D5EC-4690-A7D1-6C3ECCD2C9B0}
	EndGlobalSection
EndGlobal
